
Microsoft Visual Studio Solution File, Format Version 12.00
# Visual Studio Version 16
VisualStudioVersion = 25.0.1706.6
MinimumVisualStudioVersion = 10.0.40219.1
Project("{FAE04EC0-301F-11D3-BF4B-00C04F79EFBC}") = "Mediator", "Mediator\Mediator.csproj", "{FDD7F583-6386-46EC-82E9-05BA7E2EE235}"
EndProject
Global
	GlobalSection(SolutionConfigurationPlatforms) = preSolution
		Debug|Any CPU = Debug|Any CPU
		Release|Any CPU = Release|Any CPU
	EndGlobalSection
	GlobalSection(ProjectConfigurationPlatforms) = postSolution
		{FDD7F583-6386-46EC-82E9-05BA7E2EE235}.Debug|Any CPU.ActiveCfg = Debug|Any CPU
		{FDD7F583-6386-46EC-82E9-05BA7E2EE235}.Debug|Any CPU.Build.0 = Debug|Any CPU
		{FDD7F583-6386-46EC-82E9-05BA7E2EE235}.Release|Any CPU.ActiveCfg = Release|Any CPU
		{FDD7F583-6386-46EC-82E9-05BA7E2EE235}.Release|Any CPU.Build.0 = Release|Any CPU
	EndGlobalSection
	GlobalSection(SolutionProperties) = preSolution
		HideSolutionNode = FALSE
	EndGlobalSection
	GlobalSection(ExtensibilityGlobals) = postSolution
		SolutionGuid = {52DD0334-25A1-45FA-AFDE-06B0BBBE97D3}
	EndGlobalSection
EndGlobal
